# THIS IS AN AUTOGENERATED FILE. DO NOT EDIT THIS FILE DIRECTLY.
# yarn lockfile v1


"@babel/runtime-corejs3@^7.9.0":
  version "7.15.4"
  resolved "https://registry.yarnpkg.com/@babel/runtime-corejs3/-/runtime-corejs3-7.15.4.tgz#403139af262b9a6e8f9ba04a6fdcebf8de692bf1"
  integrity sha512-lWcAqKeB624/twtTc3w6w/2o9RqJPaNBhPGK6DKLSiwuVWC7WFkypWyNg+CpZoyJH0jVzv1uMtXZ/5/lQOLtCg==
  dependencies:
    core-js-pure "^3.16.0"
    regenerator-runtime "^0.13.4"

"@tanker/file-ponyfill@^2.23.0":
  version "2.23.0"
  resolved "https://registry.yarnpkg.com/@tanker/file-ponyfill/-/file-ponyfill-2.23.0.tgz#cbfc21b77836c33c5922a74d206f622af2758fe3"
  integrity sha512-6J/ocBcUvWlyakfWvtzlPaAMofjmV/+ZqzdrxxKV/xPEKqxduVNf0G66Yjt/c+hRfEQCtVBTmnpvdPh7SJN+OQ==
  dependencies:
    "@babel/runtime-corejs3" "^7.9.0"
    "@tanker/global-this" "2.23.0"

"@tanker/global-this@2.23.0":
  version "2.23.0"
  resolved "https://registry.yarnpkg.com/@tanker/global-this/-/global-this-2.23.0.tgz#3aedadbace9dd7d761f1d68cdc333984653ca889"
  integrity sha512-hKMhQ7KH0AsYwp2SSMHPkO+VsTC9GtaSzsJ1wtld/gwDTgHgAH5sKyLZ+2xRO2nxgXfKLlFvD1aNTqGz/MGJVw==
  dependencies:
    "@babel/runtime-corejs3" "^7.9.0"

core-js-pure@^3.16.0:
  version "3.18.3"
  resolved "https://registry.yarnpkg.com/core-js-pure/-/core-js-pure-3.18.3.tgz#7eed77dcce1445ab68fd68715856633e2fb3b90c"
  integrity sha512-qfskyO/KjtbYn09bn1IPkuhHl5PlJ6IzJ9s9sraJ1EqcuGyLGKzhSM1cY0zgyL9hx42eulQLZ6WaeK5ycJCkqw==

regenerator-runtime@^0.13.4:
  version "0.13.9"
  resolved "https://registry.yarnpkg.com/regenerator-runtime/-/regenerator-runtime-0.13.9.tgz#8925742a98ffd90814988d7566ad30ca3b263b52"
  integrity sha512-p3VT+cOEgxFsRRA9X4lkI1E+k2/CtnKtU4gcxyaCUreilL/vqI6CdZ3wxVUx3UOUg+gnUOQQcRI7BmSI656MYA==
